
Microsoft Visual Studio Solution File, Format Version 12.00
# Visual Studio Version 16
VisualStudioVersion = 16.0.29519.181
MinimumVisualStudioVersion = 10.0.40219.1
Project("{9A19103F-16F7-4668-BE54-9A1E7A4F7556}") = "Config", "Config\Config.csproj", "{1B18404A-4E5D-4265-B589-23B2847BE1A5}"
EndProject
Project("{FAE04EC0-301F-11D3-BF4B-00C04F79EFBC}") = "GettingStarted", "GettingStarted\GettingStarted.csproj", "{07FB28BA-6C3F-4BF0-BF18-CF9A877A6E4B}"
EndProject
Global
	GlobalSection(SolutionConfigurationPlatforms) = preSolution
		Debug|Any CPU = Debug|Any CPU
		Release|Any CPU = Release|Any CPU
	EndGlobalSection
	GlobalSection(ProjectConfigurationPlatforms) = postSolution
		{1B18404A-4E5D-4265-B589-23B2847BE1A5}.Debug|Any CPU.ActiveCfg = Debug|Any CPU
		{1B18404A-4E5D-4265-B589-23B2847BE1A5}.Debug|Any CPU.Build.0 = Debug|Any CPU
		{1B18404A-4E5D-4265-B589-23B2847BE1A5}.Release|Any CPU.ActiveCfg = Release|Any CPU
		{1B18404A-4E5D-4265-B589-23B2847BE1A5}.Release|Any CPU.Build.0 = Release|Any CPU
		{07FB28BA-6C3F-4BF0-BF18-CF9A877A6E4B}.Debug|Any CPU.ActiveCfg = Debug|Any CPU
		{07FB28BA-6C3F-4BF0-BF18-CF9A877A6E4B}.Debug|Any CPU.Build.0 = Debug|Any CPU
		{07FB28BA-6C3F-4BF0-BF18-CF9A877A6E4B}.Release|Any CPU.ActiveCfg = Release|Any CPU
		{07FB28BA-6C3F-4BF0-BF18-CF9A877A6E4B}.Release|Any CPU.Build.0 = Release|Any CPU
	EndGlobalSection
	GlobalSection(SolutionProperties) = preSolution
		HideSolutionNode = FALSE
	EndGlobalSection
	GlobalSection(ExtensibilityGlobals) = postSolution
		SolutionGuid = {EA4E59D3-0642-43F5-8F06-C34310A1E6C0}
	EndGlobalSection
EndGlobal
