
Microsoft Visual Studio Solution File, Format Version 12.00
# Visual Studio Version 16
VisualStudioVersion = 16.0.29519.181
MinimumVisualStudioVersion = 10.0.40219.1
Project("{9A19103F-16F7-4668-BE54-9A1E7A4F7556}") = "Config", "Source\Config.csproj", "{1B18404A-4E5D-4265-B589-23B2847BE1A5}"
EndProject
Project("{9A19103F-16F7-4668-BE54-9A1E7A4F7556}") = "UnitTests", "UnitTests\UnitTests.csproj", "{6932AC17-6B0B-4202-B07C-91C3AEECAF20}"
EndProject
Project("{9A19103F-16F7-4668-BE54-9A1E7A4F7556}") = "IniProvider", "Samples\IniProvider\IniProvider.csproj", "{60CA813F-3A91-443A-B384-AF1B64ED1405}"
EndProject
Project("{2150E333-8FDC-42A3-9474-1A3956D46DE8}") = "Samples", "Samples", "{B67801DD-4B34-4341-8729-17715A0161DA}"
EndProject
Project("{9A19103F-16F7-4668-BE54-9A1E7A4F7556}") = "GettingStarted", "Samples\GettingStarted\GettingStarted.csproj", "{FBF5CD92-D698-4EAB-96D1-0052A3D89806}"
EndProject
Global
	GlobalSection(SolutionConfigurationPlatforms) = preSolution
		Debug|Any CPU = Debug|Any CPU
		Release|Any CPU = Release|Any CPU
	EndGlobalSection
	GlobalSection(ProjectConfigurationPlatforms) = postSolution
		{1B18404A-4E5D-4265-B589-23B2847BE1A5}.Debug|Any CPU.ActiveCfg = Debug|Any CPU
		{1B18404A-4E5D-4265-B589-23B2847BE1A5}.Debug|Any CPU.Build.0 = Debug|Any CPU
		{1B18404A-4E5D-4265-B589-23B2847BE1A5}.Release|Any CPU.ActiveCfg = Release|Any CPU
		{1B18404A-4E5D-4265-B589-23B2847BE1A5}.Release|Any CPU.Build.0 = Release|Any CPU
		{6932AC17-6B0B-4202-B07C-91C3AEECAF20}.Debug|Any CPU.ActiveCfg = Debug|Any CPU
		{6932AC17-6B0B-4202-B07C-91C3AEECAF20}.Debug|Any CPU.Build.0 = Debug|Any CPU
		{6932AC17-6B0B-4202-B07C-91C3AEECAF20}.Release|Any CPU.ActiveCfg = Release|Any CPU
		{6932AC17-6B0B-4202-B07C-91C3AEECAF20}.Release|Any CPU.Build.0 = Release|Any CPU
		{60CA813F-3A91-443A-B384-AF1B64ED1405}.Debug|Any CPU.ActiveCfg = Debug|Any CPU
		{60CA813F-3A91-443A-B384-AF1B64ED1405}.Debug|Any CPU.Build.0 = Debug|Any CPU
		{60CA813F-3A91-443A-B384-AF1B64ED1405}.Release|Any CPU.ActiveCfg = Release|Any CPU
		{60CA813F-3A91-443A-B384-AF1B64ED1405}.Release|Any CPU.Build.0 = Release|Any CPU
		{FBF5CD92-D698-4EAB-96D1-0052A3D89806}.Debug|Any CPU.ActiveCfg = Debug|Any CPU
		{FBF5CD92-D698-4EAB-96D1-0052A3D89806}.Debug|Any CPU.Build.0 = Debug|Any CPU
		{FBF5CD92-D698-4EAB-96D1-0052A3D89806}.Release|Any CPU.ActiveCfg = Release|Any CPU
		{FBF5CD92-D698-4EAB-96D1-0052A3D89806}.Release|Any CPU.Build.0 = Release|Any CPU
	EndGlobalSection
	GlobalSection(SolutionProperties) = preSolution
		HideSolutionNode = FALSE
	EndGlobalSection
	GlobalSection(NestedProjects) = preSolution
		{60CA813F-3A91-443A-B384-AF1B64ED1405} = {B67801DD-4B34-4341-8729-17715A0161DA}
		{FBF5CD92-D698-4EAB-96D1-0052A3D89806} = {B67801DD-4B34-4341-8729-17715A0161DA}
	EndGlobalSection
	GlobalSection(ExtensibilityGlobals) = postSolution
		SolutionGuid = {EA4E59D3-0642-43F5-8F06-C34310A1E6C0}
	EndGlobalSection
EndGlobal
